// !$*UTF8*$!
{
	archiveVersion = 1;
	classes = {
	};
	objectVersion = 50;
	objects = {

/* Begin PBXBuildFile section */
		3B9880DB2472932700EBF6BC /* PieChart.swift in Sources */ = {isa = PBXBuildFile; fileRef = 3B9880DA2472932700EBF6BC /* PieChart.swift */; };
		5917271B246D0DCC00D1A7F6 /* AppDelegate.swift in Sources */ = {isa = PBXBuildFile; fileRef = 5917271A246D0DCC00D1A7F6 /* AppDelegate.swift */; };
		5917271D246D0DCC00D1A7F6 /* SceneDelegate.swift in Sources */ = {isa = PBXBuildFile; fileRef = 5917271C246D0DCC00D1A7F6 /* SceneDelegate.swift */; };
		5917271F246D0DCC00D1A7F6 /* ContentView.swift in Sources */ = {isa = PBXBuildFile; fileRef = 5917271E246D0DCC00D1A7F6 /* ContentView.swift */; };
		59172721246D0DD000D1A7F6 /* Assets.xcassets in Resources */ = {isa = PBXBuildFile; fileRef = 59172720246D0DD000D1A7F6 /* Assets.xcassets */; };
		59172724246D0DD000D1A7F6 /* Preview Assets.xcassets in Resources */ = {isa = PBXBuildFile; fileRef = 59172723246D0DD000D1A7F6 /* Preview Assets.xcassets */; };
		59172727246D0DD000D1A7F6 /* LaunchScreen.storyboard in Resources */ = {isa = PBXBuildFile; fileRef = 59172725246D0DD000D1A7F6 /* LaunchScreen.storyboard */; };
		5917272F246D0E1D00D1A7F6 /* Novel.swift in Sources */ = {isa = PBXBuildFile; fileRef = 5917272E246D0E1D00D1A7F6 /* Novel.swift */; };
		59172731246D0FE100D1A7F6 /* NovelsData.swift in Sources */ = {isa = PBXBuildFile; fileRef = 59172730246D0FE100D1A7F6 /* NovelsData.swift */; };
		59172733246D10E100D1A7F6 /* NovelRow.swift in Sources */ = {isa = PBXBuildFile; fileRef = 59172732246D10E100D1A7F6 /* NovelRow.swift */; };
		59172735246D172B00D1A7F6 /* NovelList.swift in Sources */ = {isa = PBXBuildFile; fileRef = 59172734246D172B00D1A7F6 /* NovelList.swift */; };
		59172737246D210E00D1A7F6 /* NovelEditor.swift in Sources */ = {isa = PBXBuildFile; fileRef = 59172736246D210E00D1A7F6 /* NovelEditor.swift */; };
		59172739246D3E6000D1A7F6 /* AppView.swift in Sources */ = {isa = PBXBuildFile; fileRef = 59172738246D3E6000D1A7F6 /* AppView.swift */; };
		5917273B246D44F600D1A7F6 /* AnalysisGrapic.swift in Sources */ = {isa = PBXBuildFile; fileRef = 5917273A246D44F600D1A7F6 /* AnalysisGrapic.swift */; };
/* End PBXBuildFile section */

/* Begin PBXFileReference section */
		3B9880DA2472932700EBF6BC /* PieChart.swift */ = {isa = PBXFileReference; lastKnownFileType = sourcecode.swift; path = PieChart.swift; sourceTree = "<group>"; };
		59172717246D0DCC00D1A7F6 /* noveler.app */ = {isa = PBXFileReference; explicitFileType = wrapper.application; includeInIndex = 0; path = noveler.app; sourceTree = BUILT_PRODUCTS_DIR; };
		5917271A246D0DCC00D1A7F6 /* AppDelegate.swift */ = {isa = PBXFileReference; lastKnownFileType = sourcecode.swift; path = AppDelegate.swift; sourceTree = "<group>"; };
		5917271C246D0DCC00D1A7F6 /* SceneDelegate.swift */ = {isa = PBXFileReference; lastKnownFileType = sourcecode.swift; path = SceneDelegate.swift; sourceTree = "<group>"; };
		5917271E246D0DCC00D1A7F6 /* ContentView.swift */ = {isa = PBXFileReference; lastKnownFileType = sourcecode.swift; path = ContentView.swift; sourceTree = "<group>"; };
		59172720246D0DD000D1A7F6 /* Assets.xcassets */ = {isa = PBXFileReference; lastKnownFileType = folder.assetcatalog; path = Assets.xcassets; sourceTree = "<group>"; };
		59172723246D0DD000D1A7F6 /* Preview Assets.xcassets */ = {isa = PBXFileReference; lastKnownFileType = folder.assetcatalog; path = "Preview Assets.xcassets"; sourceTree = "<group>"; };
		59172726246D0DD000D1A7F6 /* Base */ = {isa = PBXFileReference; lastKnownFileType = file.storyboard; name = Base; path = Base.lproj/LaunchScreen.storyboard; sourceTree = "<group>"; };
		59172728246D0DD000D1A7F6 /* Info.plist */ = {isa = PBXFileReference; lastKnownFileType = text.plist.xml; path = Info.plist; sourceTree = "<group>"; };
		5917272E246D0E1D00D1A7F6 /* Novel.swift */ = {isa = PBXFileReference; lastKnownFileType = sourcecode.swift; path = Novel.swift; sourceTree = "<group>"; };
		59172730246D0FE100D1A7F6 /* NovelsData.swift */ = {isa = PBXFileReference; lastKnownFileType = sourcecode.swift; path = NovelsData.swift; sourceTree = "<group>"; };
		59172732246D10E100D1A7F6 /* NovelRow.swift */ = {isa = PBXFileReference; lastKnownFileType = sourcecode.swift; path = NovelRow.swift; sourceTree = "<group>"; };
		59172734246D172B00D1A7F6 /* NovelList.swift */ = {isa = PBXFileReference; lastKnownFileType = sourcecode.swift; path = NovelList.swift; sourceTree = "<group>"; };
		59172736246D210E00D1A7F6 /* NovelEditor.swift */ = {isa = PBXFileReference; lastKnownFileType = sourcecode.swift; path = NovelEditor.swift; sourceTree = "<group>"; };
		59172738246D3E6000D1A7F6 /* AppView.swift */ = {isa = PBXFileReference; lastKnownFileType = sourcecode.swift; path = AppView.swift; sourceTree = "<group>"; };
		5917273A246D44F600D1A7F6 /* AnalysisGrapic.swift */ = {isa = PBXFileReference; lastKnownFileType = sourcecode.swift; path = AnalysisGrapic.swift; sourceTree = "<group>"; };
/* End PBXFileReference section */

/* Begin PBXFrameworksBuildPhase section */
		59172714246D0DCC00D1A7F6 /* Frameworks */ = {
			isa = PBXFrameworksBuildPhase;
			buildActionMask = 2147483647;
			files = (
			);
			runOnlyForDeploymentPostprocessing = 0;
		};
/* End PBXFrameworksBuildPhase section */

/* Begin PBXGroup section */
		5917270E246D0DCC00D1A7F6 = {
			isa = PBXGroup;
			children = (
				59172719246D0DCC00D1A7F6 /* noveler */,
				59172718246D0DCC00D1A7F6 /* Products */,
			);
			sourceTree = "<group>";
		};
		59172718246D0DCC00D1A7F6 /* Products */ = {
			isa = PBXGroup;
			children = (
				59172717246D0DCC00D1A7F6 /* noveler.app */,
			);
			name = Products;
			sourceTree = "<group>";
		};
		59172719246D0DCC00D1A7F6 /* noveler */ = {
			isa = PBXGroup;
			children = (
				5917272E246D0E1D00D1A7F6 /* Novel.swift */,
				59172730246D0FE100D1A7F6 /* NovelsData.swift */,
				59172732246D10E100D1A7F6 /* NovelRow.swift */,
				59172734246D172B00D1A7F6 /* NovelList.swift */,
				59172736246D210E00D1A7F6 /* NovelEditor.swift */,
				59172738246D3E6000D1A7F6 /* AppView.swift */,
				5917273A246D44F600D1A7F6 /* AnalysisGrapic.swift */,
				3B9880DA2472932700EBF6BC /* PieChart.swift */,
				5917271A246D0DCC00D1A7F6 /* AppDelegate.swift */,
				5917271C246D0DCC00D1A7F6 /* SceneDelegate.swift */,
				5917271E246D0DCC00D1A7F6 /* ContentView.swift */,
				59172720246D0DD000D1A7F6 /* Assets.xcassets */,
				59172725246D0DD000D1A7F6 /* LaunchScreen.storyboard */,
				59172728246D0DD000D1A7F6 /* Info.plist */,
				59172722246D0DD000D1A7F6 /* Preview Content */,
			);
			path = noveler;
			sourceTree = "<group>";
		};
		59172722246D0DD000D1A7F6 /* Preview Content */ = {
			isa = PBXGroup;
			children = (
				59172723246D0DD000D1A7F6 /* Preview Assets.xcassets */,
			);
			path = "Preview Content";
			sourceTree = "<group>";
		};
/* End PBXGroup section */

/* Begin PBXNativeTarget section */
		59172716246D0DCC00D1A7F6 /* noveler */ = {
			isa = PBXNativeTarget;
			buildConfigurationList = 5917272B246D0DD000D1A7F6 /* Build configuration list for PBXNativeTarget "noveler" */;
			buildPhases = (
				59172713246D0DCC00D1A7F6 /* Sources */,
				59172714246D0DCC00D1A7F6 /* Frameworks */,
				59172715246D0DCC00D1A7F6 /* Resources */,
			);
			buildRules = (
			);
			dependencies = (
			);
			name = noveler;
			productName = noveler;
			productReference = 59172717246D0DCC00D1A7F6 /* noveler.app */;
			productType = "com.apple.product-type.application";
		};
/* End PBXNativeTarget section */

/* Begin PBXProject section */
		5917270F246D0DCC00D1A7F6 /* Project object */ = {
			isa = PBXProject;
			attributes = {
				LastSwiftUpdateCheck = 1130;
				LastUpgradeCheck = 1130;
				ORGANIZATIONNAME = bc;
				TargetAttributes = {
					59172716246D0DCC00D1A7F6 = {
						CreatedOnToolsVersion = 11.3.1;
					};
				};
			};
			buildConfigurationList = 59172712246D0DCC00D1A7F6 /* Build configuration list for PBXProject "noveler" */;
			compatibilityVersion = "Xcode 9.3";
			developmentRegion = en;
			hasScannedForEncodings = 0;
			knownRegions = (
				en,
				Base,
			);
			mainGroup = 5917270E246D0DCC00D1A7F6;
			productRefGroup = 59172718246D0DCC00D1A7F6 /* Products */;
			projectDirPath = "";
			projectRoot = "";
			targets = (
				59172716246D0DCC00D1A7F6 /* noveler */,
			);
		};
/* End PBXProject section */

/* Begin PBXResourcesBuildPhase section */
		59172715246D0DCC00D1A7F6 /* Resources */ = {
			isa = PBXResourcesBuildPhase;
			buildActionMask = 2147483647;
			files = (
				59172727246D0DD000D1A7F6 /* LaunchScreen.storyboard in Resources */,
				59172724246D0DD000D1A7F6 /* Preview Assets.xcassets in Resources */,
				59172721246D0DD000D1A7F6 /* Assets.xcassets in Resources */,
			);
			runOnlyForDeploymentPostprocessing = 0;
		};
/* End PBXResourcesBuildPhase section */

/* Begin PBXSourcesBuildPhase section */
		59172713246D0DCC00D1A7F6 /* Sources */ = {
			isa = PBXSourcesBuildPhase;
			buildActionMask = 2147483647;
			files = (
				5917271B246D0DCC00D1A7F6 /* AppDelegate.swift in Sources */,
				59172733246D10E100D1A7F6 /* NovelRow.swift in Sources */,
				59172739246D3E6000D1A7F6 /* AppView.swift in Sources */,
				59172731246D0FE100D1A7F6 /* NovelsData.swift in Sources */,
				5917271D246D0DCC00D1A7F6 /* SceneDelegate.swift in Sources */,
				3B9880DB2472932700EBF6BC /* PieChart.swift in Sources */,
				5917273B246D44F600D1A7F6 /* AnalysisGrapic.swift in Sources */,
				5917272F246D0E1D00D1A7F6 /* Novel.swift in Sources */,
				5917271F246D0DCC00D1A7F6 /* ContentView.swift in Sources */,
				59172735246D172B00D1A7F6 /* NovelList.swift in Sources */,
				59172737246D210E00D1A7F6 /* NovelEditor.swift in Sources */,
			);
			runOnlyForDeploymentPostprocessing = 0;
		};
/* End PBXSourcesBuildPhase section */

/* Begin PBXVariantGroup section */
		59172725246D0DD000D1A7F6 /* LaunchScreen.storyboard */ = {
			isa = PBXVariantGroup;
			children = (
				59172726246D0DD000D1A7F6 /* Base */,
			);
			name = LaunchScreen.storyboard;
			sourceTree = "<group>";
		};
/* End PBXVariantGroup section */

/* Begin XCBuildConfiguration section */
		59172729246D0DD000D1A7F6 /* Debug */ = {
			isa = XCBuildConfiguration;
			buildSettings = {
				ALWAYS_SEARCH_USER_PATHS = NO;
				CLANG_ANALYZER_NONNULL = YES;
				CLANG_ANALYZER_NUMBER_OBJECT_CONVERSION = YES_AGGRESSIVE;
				CLANG_CXX_LANGUAGE_STANDARD = "gnu++14";
				CLANG_CXX_LIBRARY = "libc++";
				CLANG_ENABLE_MODULES = YES;
				CLANG_ENABLE_OBJC_ARC = YES;
				CLANG_ENABLE_OBJC_WEAK = YES;
				CLANG_WARN_BLOCK_CAPTURE_AUTORELEASING = YES;
				CLANG_WARN_BOOL_CONVERSION = YES;
				CLANG_WARN_COMMA = YES;
				CLANG_WARN_CONSTANT_CONVERSION = YES;
				CLANG_WARN_DEPRECATED_OBJC_IMPLEMENTATIONS = YES;
				CLANG_WARN_DIRECT_OBJC_ISA_USAGE = YES_ERROR;
				CLANG_WARN_DOCUMENTATION_COMMENTS = YES;
				CLANG_WARN_EMPTY_BODY = YES;
				CLANG_WARN_ENUM_CONVERSION = YES;
				CLANG_WARN_INFINITE_RECURSION = YES;
				CLANG_WARN_INT_CONVERSION = YES;
				CLANG_WARN_NON_LITERAL_NULL_CONVERSION = YES;
				CLANG_WARN_OBJC_IMPLICIT_RETAIN_SELF = YES;
				CLANG_WARN_OBJC_LITERAL_CONVERSION = YES;
				CLANG_WARN_OBJC_ROOT_CLASS = YES_ERROR;
				CLANG_WARN_RANGE_LOOP_ANALYSIS = YES;
				CLANG_WARN_STRICT_PROTOTYPES = YES;
				CLANG_WARN_SUSPICIOUS_MOVE = YES;
				CLANG_WARN_UNGUARDED_AVAILABILITY = YES_AGGRESSIVE;
				CLANG_WARN_UNREACHABLE_CODE = YES;
				CLANG_WARN__DUPLICATE_METHOD_MATCH = YES;
				COPY_PHASE_STRIP = NO;
				DEBUG_INFORMATION_FORMAT = dwarf;
				ENABLE_STRICT_OBJC_MSGSEND = YES;
				ENABLE_TESTABILITY = YES;
				GCC_C_LANGUAGE_STANDARD = gnu11;
				GCC_DYNAMIC_NO_PIC = NO;
				GCC_NO_COMMON_BLOCKS = YES;
				GCC_OPTIMIZATION_LEVEL = 0;
				GCC_PREPROCESSOR_DEFINITIONS = (
					"DEBUG=1",
					"$(inherited)",
				);
				GCC_WARN_64_TO_32_BIT_CONVERSION = YES;
				GCC_WARN_ABOUT_RETURN_TYPE = YES_ERROR;
				GCC_WARN_UNDECLARED_SELECTOR = YES;
				GCC_WARN_UNINITIALIZED_AUTOS = YES_AGGRESSIVE;
				GCC_WARN_UNUSED_FUNCTION = YES;
				GCC_WARN_UNUSED_VARIABLE = YES;
				IPHONEOS_DEPLOYMENT_TARGET = 13.2;
				MTL_ENABLE_DEBUG_INFO = INCLUDE_SOURCE;
				MTL_FAST_MATH = YES;
				ONLY_ACTIVE_ARCH = YES;
				SDKROOT = iphoneos;
				SWIFT_ACTIVE_COMPILATION_CONDITIONS = DEBUG;
				SWIFT_OPTIMIZATION_LEVEL = "-Onone";
			};
			name = Debug;
		};
		5917272A246D0DD000D1A7F6 /* Release */ = {
			isa = XCBuildConfiguration;
			buildSettings = {
				ALWAYS_SEARCH_USER_PATHS = NO;
				CLANG_ANALYZER_NONNULL = YES;
				CLANG_ANALYZER_NUMBER_OBJECT_CONVERSION = YES_AGGRESSIVE;
				CLANG_CXX_LANGUAGE_STANDARD = "gnu++14";
				CLANG_CXX_LIBRARY = "libc++";
				CLANG_ENABLE_MODULES = YES;
				CLANG_ENABLE_OBJC_ARC = YES;
				CLANG_ENABLE_OBJC_WEAK = YES;
				CLANG_WARN_BLOCK_CAPTURE_AUTORELEASING = YES;
				CLANG_WARN_BOOL_CONVERSION = YES;
				CLANG_WARN_COMMA = YES;
				CLANG_WARN_CONSTANT_CONVERSION = YES;
				CLANG_WARN_DEPRECATED_OBJC_IMPLEMENTATIONS = YES;
				CLANG_WARN_DIRECT_OBJC_ISA_USAGE = YES_ERROR;
				CLANG_WARN_DOCUMENTATION_COMMENTS = YES;
				CLANG_WARN_EMPTY_BODY = YES;
				CLANG_WARN_ENUM_CONVERSION = YES;
				CLANG_WARN_INFINITE_RECURSION = YES;
				CLANG_WARN_INT_CONVERSION = YES;
				CLANG_WARN_NON_LITERAL_NULL_CONVERSION = YES;
				CLANG_WARN_OBJC_IMPLICIT_RETAIN_SELF = YES;
				CLANG_WARN_OBJC_LITERAL_CONVERSION = YES;
				CLANG_WARN_OBJC_ROOT_CLASS = YES_ERROR;
				CLANG_WARN_RANGE_LOOP_ANALYSIS = YES;
				CLANG_WARN_STRICT_PROTOTYPES = YES;
				CLANG_WARN_SUSPICIOUS_MOVE = YES;
				CLANG_WARN_UNGUARDED_AVAILABILITY = YES_AGGRESSIVE;
				CLANG_WARN_UNREACHABLE_CODE = YES;
				CLANG_WARN__DUPLICATE_METHOD_MATCH = YES;
				COPY_PHASE_STRIP = NO;
				DEBUG_INFORMATION_FORMAT = "dwarf-with-dsym";
				ENABLE_NS_ASSERTIONS = NO;
				ENABLE_STRICT_OBJC_MSGSEND = YES;
				GCC_C_LANGUAGE_STANDARD = gnu11;
				GCC_NO_COMMON_BLOCKS = YES;
				GCC_WARN_64_TO_32_BIT_CONVERSION = YES;
				GCC_WARN_ABOUT_RETURN_TYPE = YES_ERROR;
				GCC_WARN_UNDECLARED_SELECTOR = YES;
				GCC_WARN_UNINITIALIZED_AUTOS = YES_AGGRESSIVE;
				GCC_WARN_UNUSED_FUNCTION = YES;
				GCC_WARN_UNUSED_VARIABLE = YES;
				IPHONEOS_DEPLOYMENT_TARGET = 13.2;
				MTL_ENABLE_DEBUG_INFO = NO;
				MTL_FAST_MATH = YES;
				SDKROOT = iphoneos;
				SWIFT_COMPILATION_MODE = wholemodule;
				SWIFT_OPTIMIZATION_LEVEL = "-O";
				VALIDATE_PRODUCT = YES;
			};
			name = Release;
		};
		5917272C246D0DD000D1A7F6 /* Debug */ = {
			isa = XCBuildConfiguration;
			buildSettings = {
				ASSETCATALOG_COMPILER_APPICON_NAME = AppIcon;
				CODE_SIGN_STYLE = Automatic;
				DEVELOPMENT_ASSET_PATHS = "\"noveler/Preview Content\"";
				ENABLE_PREVIEWS = YES;
				INFOPLIST_FILE = noveler/Info.plist;
				LD_RUNPATH_SEARCH_PATHS = (
					"$(inherited)",
					"@executable_path/Frameworks",
				);
				PRODUCT_BUNDLE_IDENTIFIER = bc.noveler;
				PRODUCT_NAME = "$(TARGET_NAME)";
				SWIFT_VERSION = 5.0;
				TARGETED_DEVICE_FAMILY = "1,2";
			};
			name = Debug;
		};
		5917272D246D0DD000D1A7F6 /* Release */ = {
			isa = XCBuildConfiguration;
			buildSettings = {
				ASSETCATALOG_COMPILER_APPICON_NAME = AppIcon;
				CODE_SIGN_STYLE = Automatic;
				DEVELOPMENT_ASSET_PATHS = "\"noveler/Preview Content\"";
				ENABLE_PREVIEWS = YES;
				INFOPLIST_FILE = noveler/Info.plist;
				LD_RUNPATH_SEARCH_PATHS = (
					"$(inherited)",
					"@executable_path/Frameworks",
				);
				PRODUCT_BUNDLE_IDENTIFIER = bc.noveler;
				PRODUCT_NAME = "$(TARGET_NAME)";
				SWIFT_VERSION = 5.0;
				TARGETED_DEVICE_FAMILY = "1,2";
			};
			name = Release;
		};
/* End XCBuildConfiguration section */

/* Begin XCConfigurationList section */
		59172712246D0DCC00D1A7F6 /* Build configuration list for PBXProject "noveler" */ = {
			isa = XCConfigurationList;
			buildConfigurations = (
				59172729246D0DD000D1A7F6 /* Debug */,
				5917272A246D0DD000D1A7F6 /* Release */,
			);
			defaultConfigurationIsVisible = 0;
			defaultConfigurationName = Release;
		};
		5917272B246D0DD000D1A7F6 /* Build configuration list for PBXNativeTarget "noveler" */ = {
			isa = XCConfigurationList;
			buildConfigurations = (
				5917272C246D0DD000D1A7F6 /* Debug */,
				5917272D246D0DD000D1A7F6 /* Release */,
			);
			defaultConfigurationIsVisible = 0;
			defaultConfigurationName = Release;
		};
/* End XCConfigurationList section */
	};
	rootObject = 5917270F246D0DCC00D1A7F6 /* Project object */;
}
